// !$*UTF8*$!
{
	archiveVersion = 1;
	classes = {
	};
	objectVersion = 46;
	objects = {

/* Begin PBXBuildFile section */
		E672561F17624EA700E3FF5B /* UIKit.framework in Frameworks */ = {isa = PBXBuildFile; fileRef = E672561E17624EA700E3FF5B /* UIKit.framework */; };
		E672562117624EA700E3FF5B /* Foundation.framework in Frameworks */ = {isa = PBXBuildFile; fileRef = E672562017624EA700E3FF5B /* Foundation.framework */; };
		E672562317624EA700E3FF5B /* CoreGraphics.framework in Frameworks */ = {isa = PBXBuildFile; fileRef = E672562217624EA700E3FF5B /* CoreGraphics.framework */; };
		E672562917624EA700E3FF5B /* InfoPlist.strings in Resources */ = {isa = PBXBuildFile; fileRef = E672562717624EA700E3FF5B /* InfoPlist.strings */; };
		E672562B17624EA700E3FF5B /* main.m in Sources */ = {isa = PBXBuildFile; fileRef = E672562A17624EA700E3FF5B /* main.m */; };
		E672562F17624EA700E3FF5B /* AppDelegate.m in Sources */ = {isa = PBXBuildFile; fileRef = E672562E17624EA700E3FF5B /* AppDelegate.m */; };
		E672563117624EA700E3FF5B /* Default.png in Resources */ = {isa = PBXBuildFile; fileRef = E672563017624EA700E3FF5B /* Default.png */; };
		E672563317624EA700E3FF5B /* Default@2x.png in Resources */ = {isa = PBXBuildFile; fileRef = E672563217624EA700E3FF5B /* Default@2x.png */; };
		E672563517624EA700E3FF5B /* Default-568h@2x.png in Resources */ = {isa = PBXBuildFile; fileRef = E672563417624EA700E3FF5B /* Default-568h@2x.png */; };
		E672563817624EA700E3FF5B /* MainStoryboard.storyboard in Resources */ = {isa = PBXBuildFile; fileRef = E672563617624EA700E3FF5B /* MainStoryboard.storyboard */; };
		E672563B17624EA700E3FF5B /* ViewController.m in Sources */ = {isa = PBXBuildFile; fileRef = E672563A17624EA700E3FF5B /* ViewController.m */; };
/* End PBXBuildFile section */

/* Begin PBXFileReference section */
		E672561B17624EA700E3FF5B /* Kohanet.app */ = {isa = PBXFileReference; explicitFileType = wrapper.application; includeInIndex = 0; path = Kohanet.app; sourceTree = BUILT_PRODUCTS_DIR; };
		E672561E17624EA700E3FF5B /* UIKit.framework */ = {isa = PBXFileReference; lastKnownFileType = wrapper.framework; name = UIKit.framework; path = System/Library/Frameworks/UIKit.framework; sourceTree = SDKROOT; };
		E672562017624EA700E3FF5B /* Foundation.framework */ = {isa = PBXFileReference; lastKnownFileType = wrapper.framework; name = Foundation.framework; path = System/Library/Frameworks/Foundation.framework; sourceTree = SDKROOT; };
		E672562217624EA700E3FF5B /* CoreGraphics.framework */ = {isa = PBXFileReference; lastKnownFileType = wrapper.framework; name = CoreGraphics.framework; path = System/Library/Frameworks/CoreGraphics.framework; sourceTree = SDKROOT; };
		E672562617624EA700E3FF5B /* Kohanet-Info.plist */ = {isa = PBXFileReference; lastKnownFileType = text.plist.xml; path = "Kohanet-Info.plist"; sourceTree = "<group>"; };
		E672562817624EA700E3FF5B /* en */ = {isa = PBXFileReference; lastKnownFileType = text.plist.strings; name = en; path = en.lproj/InfoPlist.strings; sourceTree = "<group>"; };
		E672562A17624EA700E3FF5B /* main.m */ = {isa = PBXFileReference; lastKnownFileType = sourcecode.c.objc; path = main.m; sourceTree = "<group>"; };
		E672562C17624EA700E3FF5B /* Kohanet-Prefix.pch */ = {isa = PBXFileReference; lastKnownFileType = sourcecode.c.h; path = "Kohanet-Prefix.pch"; sourceTree = "<group>"; };
		E672562D17624EA700E3FF5B /* AppDelegate.h */ = {isa = PBXFileReference; lastKnownFileType = sourcecode.c.h; path = AppDelegate.h; sourceTree = "<group>"; };
		E672562E17624EA700E3FF5B /* AppDelegate.m */ = {isa = PBXFileReference; lastKnownFileType = sourcecode.c.objc; path = AppDelegate.m; sourceTree = "<group>"; };
		E672563017624EA700E3FF5B /* Default.png */ = {isa = PBXFileReference; lastKnownFileType = image.png; path = Default.png; sourceTree = "<group>"; };
		E672563217624EA700E3FF5B /* Default@2x.png */ = {isa = PBXFileReference; lastKnownFileType = image.png; path = "Default@2x.png"; sourceTree = "<group>"; };
		E672563417624EA700E3FF5B /* Default-568h@2x.png */ = {isa = PBXFileReference; lastKnownFileType = image.png; path = "Default-568h@2x.png"; sourceTree = "<group>"; };
		E672563717624EA700E3FF5B /* en */ = {isa = PBXFileReference; lastKnownFileType = file.storyboard; name = en; path = en.lproj/MainStoryboard.storyboard; sourceTree = "<group>"; };
		E672563917624EA700E3FF5B /* ViewController.h */ = {isa = PBXFileReference; lastKnownFileType = sourcecode.c.h; path = ViewController.h; sourceTree = "<group>"; };
		E672563A17624EA700E3FF5B /* ViewController.m */ = {isa = PBXFileReference; lastKnownFileType = sourcecode.c.objc; path = ViewController.m; sourceTree = "<group>"; };
/* End PBXFileReference section */

/* Begin PBXFrameworksBuildPhase section */
		E672561817624EA700E3FF5B /* Frameworks */ = {
			isa = PBXFrameworksBuildPhase;
			buildActionMask = 2147483647;
			files = (
				E672561F17624EA700E3FF5B /* UIKit.framework in Frameworks */,
				E672562117624EA700E3FF5B /* Foundation.framework in Frameworks */,
				E672562317624EA700E3FF5B /* CoreGraphics.framework in Frameworks */,
			);
			runOnlyForDeploymentPostprocessing = 0;
		};
/* End PBXFrameworksBuildPhase section */

/* Begin PBXGroup section */
		E672561217624EA700E3FF5B = {
			isa = PBXGroup;
			children = (
				E672562417624EA700E3FF5B /* Kohanet */,
				E672561D17624EA700E3FF5B /* Frameworks */,
				E672561C17624EA700E3FF5B /* Products */,
			);
			sourceTree = "<group>";
		};
		E672561C17624EA700E3FF5B /* Products */ = {
			isa = PBXGroup;
			children = (
				E672561B17624EA700E3FF5B /* Kohanet.app */,
			);
			name = Products;
			sourceTree = "<group>";
		};
		E672561D17624EA700E3FF5B /* Frameworks */ = {
			isa = PBXGroup;
			children = (
				E672561E17624EA700E3FF5B /* UIKit.framework */,
				E672562017624EA700E3FF5B /* Foundation.framework */,
				E672562217624EA700E3FF5B /* CoreGraphics.framework */,
			);
			name = Frameworks;
			sourceTree = "<group>";
		};
		E672562417624EA700E3FF5B /* Kohanet */ = {
			isa = PBXGroup;
			children = (
				E672562D17624EA700E3FF5B /* AppDelegate.h */,
				E672562E17624EA700E3FF5B /* AppDelegate.m */,
				E672563617624EA700E3FF5B /* MainStoryboard.storyboard */,
				E672563917624EA700E3FF5B /* ViewController.h */,
				E672563A17624EA700E3FF5B /* ViewController.m */,
				E672562517624EA700E3FF5B /* Supporting Files */,
			);
			path = Kohanet;
			sourceTree = "<group>";
		};
		E672562517624EA700E3FF5B /* Supporting Files */ = {
			isa = PBXGroup;
			children = (
				E672562617624EA700E3FF5B /* Kohanet-Info.plist */,
				E672562717624EA700E3FF5B /* InfoPlist.strings */,
				E672562A17624EA700E3FF5B /* main.m */,
				E672562C17624EA700E3FF5B /* Kohanet-Prefix.pch */,
				E672563017624EA700E3FF5B /* Default.png */,
				E672563217624EA700E3FF5B /* Default@2x.png */,
				E672563417624EA700E3FF5B /* Default-568h@2x.png */,
			);
			name = "Supporting Files";
			sourceTree = "<group>";
		};
/* End PBXGroup section */

/* Begin PBXNativeTarget section */
		E672561A17624EA700E3FF5B /* Kohanet */ = {
			isa = PBXNativeTarget;
			buildConfigurationList = E672563E17624EA700E3FF5B /* Build configuration list for PBXNativeTarget "Kohanet" */;
			buildPhases = (
				E672561717624EA700E3FF5B /* Sources */,
				E672561817624EA700E3FF5B /* Frameworks */,
				E672561917624EA700E3FF5B /* Resources */,
			);
			buildRules = (
			);
			dependencies = (
			);
			name = Kohanet;
			productName = Kohanet;
			productReference = E672561B17624EA700E3FF5B /* Kohanet.app */;
			productType = "com.apple.product-type.application";
		};
/* End PBXNativeTarget section */

/* Begin PBXProject section */
		E672561317624EA700E3FF5B /* Project object */ = {
			isa = PBXProject;
			attributes = {
				LastUpgradeCheck = 0460;
			};
			buildConfigurationList = E672561617624EA700E3FF5B /* Build configuration list for PBXProject "Kohanet" */;
			compatibilityVersion = "Xcode 3.2";
			developmentRegion = English;
			hasScannedForEncodings = 0;
			knownRegions = (
				en,
			);
			mainGroup = E672561217624EA700E3FF5B;
			productRefGroup = E672561C17624EA700E3FF5B /* Products */;
			projectDirPath = "";
			projectRoot = "";
			targets = (
				E672561A17624EA700E3FF5B /* Kohanet */,
			);
		};
/* End PBXProject section */

/* Begin PBXResourcesBuildPhase section */
		E672561917624EA700E3FF5B /* Resources */ = {
			isa = PBXResourcesBuildPhase;
			buildActionMask = 2147483647;
			files = (
				E672562917624EA700E3FF5B /* InfoPlist.strings in Resources */,
				E672563117624EA700E3FF5B /* Default.png in Resources */,
				E672563317624EA700E3FF5B /* Default@2x.png in Resources */,
				E672563517624EA700E3FF5B /* Default-568h@2x.png in Resources */,
				E672563817624EA700E3FF5B /* MainStoryboard.storyboard in Resources */,
			);
			runOnlyForDeploymentPostprocessing = 0;
		};
/* End PBXResourcesBuildPhase section */

/* Begin PBXSourcesBuildPhase section */
		E672561717624EA700E3FF5B /* Sources */ = {
			isa = PBXSourcesBuildPhase;
			buildActionMask = 2147483647;
			files = (
				E672562B17624EA700E3FF5B /* main.m in Sources */,
				E672562F17624EA700E3FF5B /* AppDelegate.m in Sources */,
				E672563B17624EA700E3FF5B /* ViewController.m in Sources */,
			);
			runOnlyForDeploymentPostprocessing = 0;
		};
/* End PBXSourcesBuildPhase section */

/* Begin PBXVariantGroup section */
		E672562717624EA700E3FF5B /* InfoPlist.strings */ = {
			isa = PBXVariantGroup;
			children = (
				E672562817624EA700E3FF5B /* en */,
			);
			name = InfoPlist.strings;
			sourceTree = "<group>";
		};
		E672563617624EA700E3FF5B /* MainStoryboard.storyboard */ = {
			isa = PBXVariantGroup;
			children = (
				E672563717624EA700E3FF5B /* en */,
			);
			name = MainStoryboard.storyboard;
			sourceTree = "<group>";
		};
/* End PBXVariantGroup section */

/* Begin XCBuildConfiguration section */
		E672563C17624EA700E3FF5B /* Debug */ = {
			isa = XCBuildConfiguration;
			buildSettings = {
				ALWAYS_SEARCH_USER_PATHS = NO;
				CLANG_CXX_LANGUAGE_STANDARD = "gnu++0x";
				CLANG_CXX_LIBRARY = "libc++";
				CLANG_ENABLE_OBJC_ARC = YES;
				CLANG_WARN_CONSTANT_CONVERSION = YES;
				CLANG_WARN_EMPTY_BODY = YES;
				CLANG_WARN_ENUM_CONVERSION = YES;
				CLANG_WARN_INT_CONVERSION = YES;
				CLANG_WARN__DUPLICATE_METHOD_MATCH = YES;
				"CODE_SIGN_IDENTITY[sdk=iphoneos*]" = "iPhone Developer";
				COPY_PHASE_STRIP = NO;
				GCC_C_LANGUAGE_STANDARD = gnu99;
				GCC_DYNAMIC_NO_PIC = NO;
				GCC_OPTIMIZATION_LEVEL = 0;
				GCC_PREPROCESSOR_DEFINITIONS = (
					"DEBUG=1",
					"$(inherited)",
				);
				GCC_SYMBOLS_PRIVATE_EXTERN = NO;
				GCC_WARN_ABOUT_RETURN_TYPE = YES;
				GCC_WARN_UNINITIALIZED_AUTOS = YES;
				GCC_WARN_UNUSED_VARIABLE = YES;
				IPHONEOS_DEPLOYMENT_TARGET = 5.1;
				ONLY_ACTIVE_ARCH = YES;
				SDKROOT = iphoneos;
			};
			name = Debug;
		};
		E672563D17624EA700E3FF5B /* Release */ = {
			isa = XCBuildConfiguration;
			buildSettings = {
				ALWAYS_SEARCH_USER_PATHS = NO;
				CLANG_CXX_LANGUAGE_STANDARD = "gnu++0x";
				CLANG_CXX_LIBRARY = "libc++";
				CLANG_ENABLE_OBJC_ARC = YES;
				CLANG_WARN_CONSTANT_CONVERSION = YES;
				CLANG_WARN_EMPTY_BODY = YES;
				CLANG_WARN_ENUM_CONVERSION = YES;
				CLANG_WARN_INT_CONVERSION = YES;
				CLANG_WARN__DUPLICATE_METHOD_MATCH = YES;
				"CODE_SIGN_IDENTITY[sdk=iphoneos*]" = "iPhone Developer";
				COPY_PHASE_STRIP = YES;
				GCC_C_LANGUAGE_STANDARD = gnu99;
				GCC_WARN_ABOUT_RETURN_TYPE = YES;
				GCC_WARN_UNINITIALIZED_AUTOS = YES;
				GCC_WARN_UNUSED_VARIABLE = YES;
				IPHONEOS_DEPLOYMENT_TARGET = 5.1;
				OTHER_CFLAGS = "-DNS_BLOCK_ASSERTIONS=1";
				SDKROOT = iphoneos;
				VALIDATE_PRODUCT = YES;
			};
			name = Release;
		};
		E672563F17624EA700E3FF5B /* Debug */ = {
			isa = XCBuildConfiguration;
			buildSettings = {
				GCC_PRECOMPILE_PREFIX_HEADER = YES;
				GCC_PREFIX_HEADER = "Kohanet/Kohanet-Prefix.pch";
				INFOPLIST_FILE = "Kohanet/Kohanet-Info.plist";
				PRODUCT_NAME = "$(TARGET_NAME)";
				WRAPPER_EXTENSION = app;
			};
			name = Debug;
		};
		E672564017624EA700E3FF5B /* Release */ = {
			isa = XCBuildConfiguration;
			buildSettings = {
				GCC_PRECOMPILE_PREFIX_HEADER = YES;
				GCC_PREFIX_HEADER = "Kohanet/Kohanet-Prefix.pch";
				INFOPLIST_FILE = "Kohanet/Kohanet-Info.plist";
				PRODUCT_NAME = "$(TARGET_NAME)";
				WRAPPER_EXTENSION = app;
			};
			name = Release;
		};
/* End XCBuildConfiguration section */

/* Begin XCConfigurationList section */
		E672561617624EA700E3FF5B /* Build configuration list for PBXProject "Kohanet" */ = {
			isa = XCConfigurationList;
			buildConfigurations = (
				E672563C17624EA700E3FF5B /* Debug */,
				E672563D17624EA700E3FF5B /* Release */,
			);
			defaultConfigurationIsVisible = 0;
			defaultConfigurationName = Release;
		};
		E672563E17624EA700E3FF5B /* Build configuration list for PBXNativeTarget "Kohanet" */ = {
			isa = XCConfigurationList;
			buildConfigurations = (
				E672563F17624EA700E3FF5B /* Debug */,
				E672564017624EA700E3FF5B /* Release */,
			);
			defaultConfigurationIsVisible = 0;
		};
/* End XCConfigurationList section */
	};
	rootObject = E672561317624EA700E3FF5B /* Project object */;
}
